// !$*UTF8*$!
{
	archiveVersion = 1;
	classes = {
	};
	objectVersion = 52;
	objects = {

/* Begin PBXBuildFile section */
		AE285E2523F2D07300FB83DC /* AppDelegate.swift in Sources */ = {isa = PBXBuildFile; fileRef = AE285E2423F2D07300FB83DC /* AppDelegate.swift */; };
		AE285E2923F2D07300FB83DC /* ViewController.swift in Sources */ = {isa = PBXBuildFile; fileRef = AE285E2823F2D07300FB83DC /* ViewController.swift */; };
		AE285E2E23F2D07500FB83DC /* Assets.xcassets in Resources */ = {isa = PBXBuildFile; fileRef = AE285E2D23F2D07500FB83DC /* Assets.xcassets */; };
		AE285E3C23F2D07500FB83DC /* PockerGameAppTests.swift in Sources */ = {isa = PBXBuildFile; fileRef = AE285E3B23F2D07500FB83DC /* PockerGameAppTests.swift */; };
		AE285E4723F2D0C900FB83DC /* GameTableView.swift in Sources */ = {isa = PBXBuildFile; fileRef = AE285E4623F2D0C900FB83DC /* GameTableView.swift */; };
		AE285E4923F2D0E600FB83DC /* Model.swift in Sources */ = {isa = PBXBuildFile; fileRef = AE285E4823F2D0E600FB83DC /* Model.swift */; };
		AE285E4C23F2D10D00FB83DC /* SnapKit in Frameworks */ = {isa = PBXBuildFile; productRef = AE285E4B23F2D10D00FB83DC /* SnapKit */; };
/* End PBXBuildFile section */

/* Begin PBXContainerItemProxy section */
		AE285E3823F2D07500FB83DC /* PBXContainerItemProxy */ = {
			isa = PBXContainerItemProxy;
			containerPortal = AE285E1923F2D07300FB83DC /* Project object */;
			proxyType = 1;
			remoteGlobalIDString = AE285E2023F2D07300FB83DC;
			remoteInfo = PockerGameApp;
		};
/* End PBXContainerItemProxy section */

/* Begin PBXFileReference section */
		AE285E2123F2D07300FB83DC /* PockerGameApp.app */ = {isa = PBXFileReference; explicitFileType = wrapper.application; includeInIndex = 0; path = PockerGameApp.app; sourceTree = BUILT_PRODUCTS_DIR; };
		AE285E2423F2D07300FB83DC /* AppDelegate.swift */ = {isa = PBXFileReference; lastKnownFileType = sourcecode.swift; path = AppDelegate.swift; sourceTree = "<group>"; };
		AE285E2823F2D07300FB83DC /* ViewController.swift */ = {isa = PBXFileReference; lastKnownFileType = sourcecode.swift; path = ViewController.swift; sourceTree = "<group>"; };
		AE285E2D23F2D07500FB83DC /* Assets.xcassets */ = {isa = PBXFileReference; lastKnownFileType = folder.assetcatalog; path = Assets.xcassets; sourceTree = "<group>"; };
		AE285E3223F2D07500FB83DC /* Info.plist */ = {isa = PBXFileReference; lastKnownFileType = text.plist.xml; path = Info.plist; sourceTree = "<group>"; };
		AE285E3723F2D07500FB83DC /* PockerGameAppTests.xctest */ = {isa = PBXFileReference; explicitFileType = wrapper.cfbundle; includeInIndex = 0; path = PockerGameAppTests.xctest; sourceTree = BUILT_PRODUCTS_DIR; };
		AE285E3B23F2D07500FB83DC /* PockerGameAppTests.swift */ = {isa = PBXFileReference; lastKnownFileType = sourcecode.swift; path = PockerGameAppTests.swift; sourceTree = "<group>"; };
		AE285E3D23F2D07500FB83DC /* Info.plist */ = {isa = PBXFileReference; lastKnownFileType = text.plist.xml; path = Info.plist; sourceTree = "<group>"; };
		AE285E4623F2D0C900FB83DC /* GameTableView.swift */ = {isa = PBXFileReference; lastKnownFileType = sourcecode.swift; path = GameTableView.swift; sourceTree = "<group>"; };
		AE285E4823F2D0E600FB83DC /* Model.swift */ = {isa = PBXFileReference; lastKnownFileType = sourcecode.swift; path = Model.swift; sourceTree = "<group>"; };
/* End PBXFileReference section */

/* Begin PBXFrameworksBuildPhase section */
		AE285E1E23F2D07300FB83DC /* Frameworks */ = {
			isa = PBXFrameworksBuildPhase;
			buildActionMask = 2147483647;
			files = (
				AE285E4C23F2D10D00FB83DC /* SnapKit in Frameworks */,
			);
			runOnlyForDeploymentPostprocessing = 0;
		};
		AE285E3423F2D07500FB83DC /* Frameworks */ = {
			isa = PBXFrameworksBuildPhase;
			buildActionMask = 2147483647;
			files = (
			);
			runOnlyForDeploymentPostprocessing = 0;
		};
/* End PBXFrameworksBuildPhase section */

/* Begin PBXGroup section */
		AE285E1823F2D07300FB83DC = {
			isa = PBXGroup;
			children = (
				AE285E2323F2D07300FB83DC /* PockerGameApp */,
				AE285E3A23F2D07500FB83DC /* PockerGameAppTests */,
				AE285E2223F2D07300FB83DC /* Products */,
			);
			sourceTree = "<group>";
		};
		AE285E2223F2D07300FB83DC /* Products */ = {
			isa = PBXGroup;
			children = (
				AE285E2123F2D07300FB83DC /* PockerGameApp.app */,
				AE285E3723F2D07500FB83DC /* PockerGameAppTests.xctest */,
			);
			name = Products;
			sourceTree = "<group>";
		};
		AE285E2323F2D07300FB83DC /* PockerGameApp */ = {
			isa = PBXGroup;
			children = (
				AE285E2423F2D07300FB83DC /* AppDelegate.swift */,
				AE285E2823F2D07300FB83DC /* ViewController.swift */,
				AE285E4623F2D0C900FB83DC /* GameTableView.swift */,
				AE285E4823F2D0E600FB83DC /* Model.swift */,
				AE285E2D23F2D07500FB83DC /* Assets.xcassets */,
				AE285E3223F2D07500FB83DC /* Info.plist */,
			);
			path = PockerGameApp;
			sourceTree = "<group>";
		};
		AE285E3A23F2D07500FB83DC /* PockerGameAppTests */ = {
			isa = PBXGroup;
			children = (
				AE285E3B23F2D07500FB83DC /* PockerGameAppTests.swift */,
				AE285E3D23F2D07500FB83DC /* Info.plist */,
			);
			path = PockerGameAppTests;
			sourceTree = "<group>";
		};
/* End PBXGroup section */

/* Begin PBXNativeTarget section */
		AE285E2023F2D07300FB83DC /* PockerGameApp */ = {
			isa = PBXNativeTarget;
			buildConfigurationList = AE285E4023F2D07500FB83DC /* Build configuration list for PBXNativeTarget "PockerGameApp" */;
			buildPhases = (
				AE285E1D23F2D07300FB83DC /* Sources */,
				AE285E1E23F2D07300FB83DC /* Frameworks */,
				AE285E1F23F2D07300FB83DC /* Resources */,
			);
			buildRules = (
			);
			dependencies = (
			);
			name = PockerGameApp;
			packageProductDependencies = (
				AE285E4B23F2D10D00FB83DC /* SnapKit */,
			);
			productName = PockerGameApp;
			productReference = AE285E2123F2D07300FB83DC /* PockerGameApp.app */;
			productType = "com.apple.product-type.application";
		};
		AE285E3623F2D07500FB83DC /* PockerGameAppTests */ = {
			isa = PBXNativeTarget;
			buildConfigurationList = AE285E4323F2D07500FB83DC /* Build configuration list for PBXNativeTarget "PockerGameAppTests" */;
			buildPhases = (
				AE285E3323F2D07500FB83DC /* Sources */,
				AE285E3423F2D07500FB83DC /* Frameworks */,
				AE285E3523F2D07500FB83DC /* Resources */,
			);
			buildRules = (
			);
			dependencies = (
				AE285E3923F2D07500FB83DC /* PBXTargetDependency */,
			);
			name = PockerGameAppTests;
			productName = PockerGameAppTests;
			productReference = AE285E3723F2D07500FB83DC /* PockerGameAppTests.xctest */;
			productType = "com.apple.product-type.bundle.unit-test";
		};
/* End PBXNativeTarget section */

/* Begin PBXProject section */
		AE285E1923F2D07300FB83DC /* Project object */ = {
			isa = PBXProject;
			attributes = {
				LastSwiftUpdateCheck = 1130;
				LastUpgradeCheck = 1130;
				ORGANIZATIONNAME = Cloud;
				TargetAttributes = {
					AE285E2023F2D07300FB83DC = {
						CreatedOnToolsVersion = 11.3.1;
					};
					AE285E3623F2D07500FB83DC = {
						CreatedOnToolsVersion = 11.3.1;
						TestTargetID = AE285E2023F2D07300FB83DC;
					};
				};
			};
			buildConfigurationList = AE285E1C23F2D07300FB83DC /* Build configuration list for PBXProject "PockerGameApp" */;
			compatibilityVersion = "Xcode 9.3";
			developmentRegion = en;
			hasScannedForEncodings = 0;
			knownRegions = (
				en,
				Base,
			);
			mainGroup = AE285E1823F2D07300FB83DC;
			packageReferences = (
				AE285E4A23F2D10D00FB83DC /* XCRemoteSwiftPackageReference "SnapKit" */,
			);
			productRefGroup = AE285E2223F2D07300FB83DC /* Products */;
			projectDirPath = "";
			projectRoot = "";
			targets = (
				AE285E2023F2D07300FB83DC /* PockerGameApp */,
				AE285E3623F2D07500FB83DC /* PockerGameAppTests */,
			);
		};
/* End PBXProject section */

/* Begin PBXResourcesBuildPhase section */
		AE285E1F23F2D07300FB83DC /* Resources */ = {
			isa = PBXResourcesBuildPhase;
			buildActionMask = 2147483647;
			files = (
				AE285E2E23F2D07500FB83DC /* Assets.xcassets in Resources */,
			);
			runOnlyForDeploymentPostprocessing = 0;
		};
		AE285E3523F2D07500FB83DC /* Resources */ = {
			isa = PBXResourcesBuildPhase;
			buildActionMask = 2147483647;
			files = (
			);
			runOnlyForDeploymentPostprocessing = 0;
		};
/* End PBXResourcesBuildPhase section */

/* Begin PBXSourcesBuildPhase section */
		AE285E1D23F2D07300FB83DC /* Sources */ = {
			isa = PBXSourcesBuildPhase;
			buildActionMask = 2147483647;
			files = (
				AE285E2923F2D07300FB83DC /* ViewController.swift in Sources */,
				AE285E4723F2D0C900FB83DC /* GameTableView.swift in Sources */,
				AE285E2523F2D07300FB83DC /* AppDelegate.swift in Sources */,
				AE285E4923F2D0E600FB83DC /* Model.swift in Sources */,
			);
			runOnlyForDeploymentPostprocessing = 0;
		};
		AE285E3323F2D07500FB83DC /* Sources */ = {
			isa = PBXSourcesBuildPhase;
			buildActionMask = 2147483647;
			files = (
				AE285E3C23F2D07500FB83DC /* PockerGameAppTests.swift in Sources */,
			);
			runOnlyForDeploymentPostprocessing = 0;
		};
/* End PBXSourcesBuildPhase section */

/* Begin PBXTargetDependency section */
		AE285E3923F2D07500FB83DC /* PBXTargetDependency */ = {
			isa = PBXTargetDependency;
			target = AE285E2023F2D07300FB83DC /* PockerGameApp */;
			targetProxy = AE285E3823F2D07500FB83DC /* PBXContainerItemProxy */;
		};
/* End PBXTargetDependency section */

/* Begin XCBuildConfiguration section */
		AE285E3E23F2D07500FB83DC /* Debug */ = {
			isa = XCBuildConfiguration;
			buildSettings = {
				ALWAYS_SEARCH_USER_PATHS = NO;
				CLANG_ANALYZER_NONNULL = YES;
				CLANG_ANALYZER_NUMBER_OBJECT_CONVERSION = YES_AGGRESSIVE;
				CLANG_CXX_LANGUAGE_STANDARD = "gnu++14";
				CLANG_CXX_LIBRARY = "libc++";
				CLANG_ENABLE_MODULES = YES;
				CLANG_ENABLE_OBJC_ARC = YES;
				CLANG_ENABLE_OBJC_WEAK = YES;
				CLANG_WARN_BLOCK_CAPTURE_AUTORELEASING = YES;
				CLANG_WARN_BOOL_CONVERSION = YES;
				CLANG_WARN_COMMA = YES;
				CLANG_WARN_CONSTANT_CONVERSION = YES;
				CLANG_WARN_DEPRECATED_OBJC_IMPLEMENTATIONS = YES;
				CLANG_WARN_DIRECT_OBJC_ISA_USAGE = YES_ERROR;
				CLANG_WARN_DOCUMENTATION_COMMENTS = YES;
				CLANG_WARN_EMPTY_BODY = YES;
				CLANG_WARN_ENUM_CONVERSION = YES;
				CLANG_WARN_INFINITE_RECURSION = YES;
				CLANG_WARN_INT_CONVERSION = YES;
				CLANG_WARN_NON_LITERAL_NULL_CONVERSION = YES;
				CLANG_WARN_OBJC_IMPLICIT_RETAIN_SELF = YES;
				CLANG_WARN_OBJC_LITERAL_CONVERSION = YES;
				CLANG_WARN_OBJC_ROOT_CLASS = YES_ERROR;
				CLANG_WARN_RANGE_LOOP_ANALYSIS = YES;
				CLANG_WARN_STRICT_PROTOTYPES = YES;
				CLANG_WARN_SUSPICIOUS_MOVE = YES;
				CLANG_WARN_UNGUARDED_AVAILABILITY = YES_AGGRESSIVE;
				CLANG_WARN_UNREACHABLE_CODE = YES;
				CLANG_WARN__DUPLICATE_METHOD_MATCH = YES;
				COPY_PHASE_STRIP = NO;
				DEBUG_INFORMATION_FORMAT = dwarf;
				ENABLE_STRICT_OBJC_MSGSEND = YES;
				ENABLE_TESTABILITY = YES;
				GCC_C_LANGUAGE_STANDARD = gnu11;
				GCC_DYNAMIC_NO_PIC = NO;
				GCC_NO_COMMON_BLOCKS = YES;
				GCC_OPTIMIZATION_LEVEL = 0;
				GCC_PREPROCESSOR_DEFINITIONS = (
					"DEBUG=1",
					"$(inherited)",
				);
				GCC_WARN_64_TO_32_BIT_CONVERSION = YES;
				GCC_WARN_ABOUT_RETURN_TYPE = YES_ERROR;
				GCC_WARN_UNDECLARED_SELECTOR = YES;
				GCC_WARN_UNINITIALIZED_AUTOS = YES_AGGRESSIVE;
				GCC_WARN_UNUSED_FUNCTION = YES;
				GCC_WARN_UNUSED_VARIABLE = YES;
				IPHONEOS_DEPLOYMENT_TARGET = 13.2;
				MTL_ENABLE_DEBUG_INFO = INCLUDE_SOURCE;
				MTL_FAST_MATH = YES;
				ONLY_ACTIVE_ARCH = YES;
				SDKROOT = iphoneos;
				SWIFT_ACTIVE_COMPILATION_CONDITIONS = DEBUG;
				SWIFT_OPTIMIZATION_LEVEL = "-Onone";
			};
			name = Debug;
		};
		AE285E3F23F2D07500FB83DC /* Release */ = {
			isa = XCBuildConfiguration;
			buildSettings = {
				ALWAYS_SEARCH_USER_PATHS = NO;
				CLANG_ANALYZER_NONNULL = YES;
				CLANG_ANALYZER_NUMBER_OBJECT_CONVERSION = YES_AGGRESSIVE;
				CLANG_CXX_LANGUAGE_STANDARD = "gnu++14";
				CLANG_CXX_LIBRARY = "libc++";
				CLANG_ENABLE_MODULES = YES;
				CLANG_ENABLE_OBJC_ARC = YES;
				CLANG_ENABLE_OBJC_WEAK = YES;
				CLANG_WARN_BLOCK_CAPTURE_AUTORELEASING = YES;
				CLANG_WARN_BOOL_CONVERSION = YES;
				CLANG_WARN_COMMA = YES;
				CLANG_WARN_CONSTANT_CONVERSION = YES;
				CLANG_WARN_DEPRECATED_OBJC_IMPLEMENTATIONS = YES;
				CLANG_WARN_DIRECT_OBJC_ISA_USAGE = YES_ERROR;
				CLANG_WARN_DOCUMENTATION_COMMENTS = YES;
				CLANG_WARN_EMPTY_BODY = YES;
				CLANG_WARN_ENUM_CONVERSION = YES;
				CLANG_WARN_INFINITE_RECURSION = YES;
				CLANG_WARN_INT_CONVERSION = YES;
				CLANG_WARN_NON_LITERAL_NULL_CONVERSION = YES;
				CLANG_WARN_OBJC_IMPLICIT_RETAIN_SELF = YES;
				CLANG_WARN_OBJC_LITERAL_CONVERSION = YES;
				CLANG_WARN_OBJC_ROOT_CLASS = YES_ERROR;
				CLANG_WARN_RANGE_LOOP_ANALYSIS = YES;
				CLANG_WARN_STRICT_PROTOTYPES = YES;
				CLANG_WARN_SUSPICIOUS_MOVE = YES;
				CLANG_WARN_UNGUARDED_AVAILABILITY = YES_AGGRESSIVE;
				CLANG_WARN_UNREACHABLE_CODE = YES;
				CLANG_WARN__DUPLICATE_METHOD_MATCH = YES;
				COPY_PHASE_STRIP = NO;
				DEBUG_INFORMATION_FORMAT = "dwarf-with-dsym";
				ENABLE_NS_ASSERTIONS = NO;
				ENABLE_STRICT_OBJC_MSGSEND = YES;
				GCC_C_LANGUAGE_STANDARD = gnu11;
				GCC_NO_COMMON_BLOCKS = YES;
				GCC_WARN_64_TO_32_BIT_CONVERSION = YES;
				GCC_WARN_ABOUT_RETURN_TYPE = YES_ERROR;
				GCC_WARN_UNDECLARED_SELECTOR = YES;
				GCC_WARN_UNINITIALIZED_AUTOS = YES_AGGRESSIVE;
				GCC_WARN_UNUSED_FUNCTION = YES;
				GCC_WARN_UNUSED_VARIABLE = YES;
				IPHONEOS_DEPLOYMENT_TARGET = 13.2;
				MTL_ENABLE_DEBUG_INFO = NO;
				MTL_FAST_MATH = YES;
				SDKROOT = iphoneos;
				SWIFT_COMPILATION_MODE = wholemodule;
				SWIFT_OPTIMIZATION_LEVEL = "-O";
				VALIDATE_PRODUCT = YES;
			};
			name = Release;
		};
		AE285E4123F2D07500FB83DC /* Debug */ = {
			isa = XCBuildConfiguration;
			buildSettings = {
				ASSETCATALOG_COMPILER_APPICON_NAME = AppIcon;
				CODE_SIGN_STYLE = Automatic;
				DEVELOPMENT_TEAM = 6HG325P9V2;
				INFOPLIST_FILE = PockerGameApp/Info.plist;
				LD_RUNPATH_SEARCH_PATHS = (
					"$(inherited)",
					"@executable_path/Frameworks",
				);
				PRODUCT_BUNDLE_IDENTIFIER = cLoud.PockerGameApp;
				PRODUCT_NAME = "$(TARGET_NAME)";
				SWIFT_VERSION = 5.0;
				TARGETED_DEVICE_FAMILY = "1,2";
			};
			name = Debug;
		};
		AE285E4223F2D07500FB83DC /* Release */ = {
			isa = XCBuildConfiguration;
			buildSettings = {
				ASSETCATALOG_COMPILER_APPICON_NAME = AppIcon;
				CODE_SIGN_STYLE = Automatic;
				DEVELOPMENT_TEAM = 6HG325P9V2;
				INFOPLIST_FILE = PockerGameApp/Info.plist;
				LD_RUNPATH_SEARCH_PATHS = (
					"$(inherited)",
					"@executable_path/Frameworks",
				);
				PRODUCT_BUNDLE_IDENTIFIER = cLoud.PockerGameApp;
				PRODUCT_NAME = "$(TARGET_NAME)";
				SWIFT_VERSION = 5.0;
				TARGETED_DEVICE_FAMILY = "1,2";
			};
			name = Release;
		};
		AE285E4423F2D07500FB83DC /* Debug */ = {
			isa = XCBuildConfiguration;
			buildSettings = {
				ALWAYS_EMBED_SWIFT_STANDARD_LIBRARIES = YES;
				BUNDLE_LOADER = "$(TEST_HOST)";
				CODE_SIGN_STYLE = Automatic;
				DEVELOPMENT_TEAM = 6HG325P9V2;
				INFOPLIST_FILE = PockerGameAppTests/Info.plist;
				IPHONEOS_DEPLOYMENT_TARGET = 13.2;
				LD_RUNPATH_SEARCH_PATHS = (
					"$(inherited)",
					"@executable_path/Frameworks",
					"@loader_path/Frameworks",
				);
				PRODUCT_BUNDLE_IDENTIFIER = cLoud.PockerGameAppTests;
				PRODUCT_NAME = "$(TARGET_NAME)";
				SWIFT_VERSION = 5.0;
				TARGETED_DEVICE_FAMILY = "1,2";
				TEST_HOST = "$(BUILT_PRODUCTS_DIR)/PockerGameApp.app/PockerGameApp";
			};
			name = Debug;
		};
		AE285E4523F2D07500FB83DC /* Release */ = {
			isa = XCBuildConfiguration;
			buildSettings = {
				ALWAYS_EMBED_SWIFT_STANDARD_LIBRARIES = YES;
				BUNDLE_LOADER = "$(TEST_HOST)";
				CODE_SIGN_STYLE = Automatic;
				DEVELOPMENT_TEAM = 6HG325P9V2;
				INFOPLIST_FILE = PockerGameAppTests/Info.plist;
				IPHONEOS_DEPLOYMENT_TARGET = 13.2;
				LD_RUNPATH_SEARCH_PATHS = (
					"$(inherited)",
					"@executable_path/Frameworks",
					"@loader_path/Frameworks",
				);
				PRODUCT_BUNDLE_IDENTIFIER = cLoud.PockerGameAppTests;
				PRODUCT_NAME = "$(TARGET_NAME)";
				SWIFT_VERSION = 5.0;
				TARGETED_DEVICE_FAMILY = "1,2";
				TEST_HOST = "$(BUILT_PRODUCTS_DIR)/PockerGameApp.app/PockerGameApp";
			};
			name = Release;
		};
/* End XCBuildConfiguration section */

/* Begin XCConfigurationList section */
		AE285E1C23F2D07300FB83DC /* Build configuration list for PBXProject "PockerGameApp" */ = {
			isa = XCConfigurationList;
			buildConfigurations = (
				AE285E3E23F2D07500FB83DC /* Debug */,
				AE285E3F23F2D07500FB83DC /* Release */,
			);
			defaultConfigurationIsVisible = 0;
			defaultConfigurationName = Release;
		};
		AE285E4023F2D07500FB83DC /* Build configuration list for PBXNativeTarget "PockerGameApp" */ = {
			isa = XCConfigurationList;
			buildConfigurations = (
				AE285E4123F2D07500FB83DC /* Debug */,
				AE285E4223F2D07500FB83DC /* Release */,
			);
			defaultConfigurationIsVisible = 0;
			defaultConfigurationName = Release;
		};
		AE285E4323F2D07500FB83DC /* Build configuration list for PBXNativeTarget "PockerGameAppTests" */ = {
			isa = XCConfigurationList;
			buildConfigurations = (
				AE285E4423F2D07500FB83DC /* Debug */,
				AE285E4523F2D07500FB83DC /* Release */,
			);
			defaultConfigurationIsVisible = 0;
			defaultConfigurationName = Release;
		};
/* End XCConfigurationList section */

/* Begin XCRemoteSwiftPackageReference section */
		AE285E4A23F2D10D00FB83DC /* XCRemoteSwiftPackageReference "SnapKit" */ = {
			isa = XCRemoteSwiftPackageReference;
			repositoryURL = "https://github.com/SnapKit/SnapKit.git";
			requirement = {
				kind = upToNextMajorVersion;
				minimumVersion = 5.0.1;
			};
		};
/* End XCRemoteSwiftPackageReference section */

/* Begin XCSwiftPackageProductDependency section */
		AE285E4B23F2D10D00FB83DC /* SnapKit */ = {
			isa = XCSwiftPackageProductDependency;
			package = AE285E4A23F2D10D00FB83DC /* XCRemoteSwiftPackageReference "SnapKit" */;
			productName = SnapKit;
		};
/* End XCSwiftPackageProductDependency section */
	};
	rootObject = AE285E1923F2D07300FB83DC /* Project object */;
}
